
Microsoft Visual Studio Solution File, Format Version 12.00
# Visual Studio Version 16
VisualStudioVersion = 16.0.30523.141
MinimumVisualStudioVersion = 10.0.40219.1
Project("{9A19103F-16F7-4668-BE54-9A1E7A4F7556}") = "Maily.API", "Maily.API.csproj", "{95E385AB-673F-4594-B9C4-983A731EC79B}"
EndProject
Project("{9A19103F-16F7-4668-BE54-9A1E7A4F7556}") = "Maily.Data", "..\Maily.Data\Maily.Data.csproj", "{F23AD5D2-0A17-41E9-9A0A-0392B9BE61FA}"
EndProject
Project("{FAE04EC0-301F-11D3-BF4B-00C04F79EFBC}") = "Maily.API_Tests", "..\Maily.API_Tests\Maily.API_Tests.csproj", "{5D49C373-CEA9-4915-8879-85D940166169}"
EndProject
Global
	GlobalSection(SolutionConfigurationPlatforms) = preSolution
		Debug|Any CPU = Debug|Any CPU
		Release|Any CPU = Release|Any CPU
	EndGlobalSection
	GlobalSection(ProjectConfigurationPlatforms) = postSolution
		{95E385AB-673F-4594-B9C4-983A731EC79B}.Debug|Any CPU.ActiveCfg = Debug|Any CPU
		{95E385AB-673F-4594-B9C4-983A731EC79B}.Debug|Any CPU.Build.0 = Debug|Any CPU
		{95E385AB-673F-4594-B9C4-983A731EC79B}.Release|Any CPU.ActiveCfg = Release|Any CPU
		{95E385AB-673F-4594-B9C4-983A731EC79B}.Release|Any CPU.Build.0 = Release|Any CPU
		{F23AD5D2-0A17-41E9-9A0A-0392B9BE61FA}.Debug|Any CPU.ActiveCfg = Debug|Any CPU
		{F23AD5D2-0A17-41E9-9A0A-0392B9BE61FA}.Debug|Any CPU.Build.0 = Debug|Any CPU
		{F23AD5D2-0A17-41E9-9A0A-0392B9BE61FA}.Release|Any CPU.ActiveCfg = Release|Any CPU
		{F23AD5D2-0A17-41E9-9A0A-0392B9BE61FA}.Release|Any CPU.Build.0 = Release|Any CPU
		{5D49C373-CEA9-4915-8879-85D940166169}.Debug|Any CPU.ActiveCfg = Debug|Any CPU
		{5D49C373-CEA9-4915-8879-85D940166169}.Debug|Any CPU.Build.0 = Debug|Any CPU
		{5D49C373-CEA9-4915-8879-85D940166169}.Release|Any CPU.ActiveCfg = Release|Any CPU
		{5D49C373-CEA9-4915-8879-85D940166169}.Release|Any CPU.Build.0 = Release|Any CPU
	EndGlobalSection
	GlobalSection(SolutionProperties) = preSolution
		HideSolutionNode = FALSE
	EndGlobalSection
	GlobalSection(ExtensibilityGlobals) = postSolution
		SolutionGuid = {E455460E-5EDB-47AB-948F-28B6FD490A69}
	EndGlobalSection
EndGlobal
